
Microsoft Visual Studio Solution File, Format Version 12.00
# Visual Studio 15
VisualStudioVersion = 15.0.28307.421
MinimumVisualStudioVersion = 10.0.40219.1
Project("{9092AA53-FB77-4645-B42D-1CCCA6BD08BD}") = "PhaserTest", "PhaserTest\PhaserTest.njsproj", "{73BDEF10-9430-4C13-889E-3B37D4B2099B}"
EndProject
Global
	GlobalSection(SolutionConfigurationPlatforms) = preSolution
		Debug|Any CPU = Debug|Any CPU
		Release|Any CPU = Release|Any CPU
	EndGlobalSection
	GlobalSection(ProjectConfigurationPlatforms) = postSolution
		{73BDEF10-9430-4C13-889E-3B37D4B2099B}.Debug|Any CPU.ActiveCfg = Debug|Any CPU
		{73BDEF10-9430-4C13-889E-3B37D4B2099B}.Debug|Any CPU.Build.0 = Debug|Any CPU
		{73BDEF10-9430-4C13-889E-3B37D4B2099B}.Release|Any CPU.ActiveCfg = Release|Any CPU
		{73BDEF10-9430-4C13-889E-3B37D4B2099B}.Release|Any CPU.Build.0 = Release|Any CPU
	EndGlobalSection
	GlobalSection(SolutionProperties) = preSolution
		HideSolutionNode = FALSE
	EndGlobalSection
	GlobalSection(ExtensibilityGlobals) = postSolution
		SolutionGuid = {AE89EA92-19CA-438B-854C-086140129F13}
	EndGlobalSection
EndGlobal
